
Microsoft Visual Studio Solution File, Format Version 12.00
# Visual Studio 14
VisualStudioVersion = 14.0.25420.1
MinimumVisualStudioVersion = 10.0.40219.1
Project("{FAE04EC0-301F-11D3-BF4B-00C04F79EFBC}") = "WebApp", "WebApp\WebApp.csproj", "{4186A7BD-E7A3-48AA-A648-31D1BFECF880}"
EndProject
Project("{FAE04EC0-301F-11D3-BF4B-00C04F79EFBC}") = "WebApp.Tests", "WebApp.Tests\WebApp.Tests.csproj", "{6F007B35-9408-47EF-8083-1824DB1A4C55}"
EndProject
Global
	GlobalSection(SolutionConfigurationPlatforms) = preSolution
		Debug|Any CPU = Debug|Any CPU
		Release|Any CPU = Release|Any CPU
	EndGlobalSection
	GlobalSection(ProjectConfigurationPlatforms) = postSolution
		{4186A7BD-E7A3-48AA-A648-31D1BFECF880}.Debug|Any CPU.ActiveCfg = Debug|Any CPU
		{4186A7BD-E7A3-48AA-A648-31D1BFECF880}.Debug|Any CPU.Build.0 = Debug|Any CPU
		{4186A7BD-E7A3-48AA-A648-31D1BFECF880}.Release|Any CPU.ActiveCfg = Release|Any CPU
		{4186A7BD-E7A3-48AA-A648-31D1BFECF880}.Release|Any CPU.Build.0 = Release|Any CPU
		{6F007B35-9408-47EF-8083-1824DB1A4C55}.Debug|Any CPU.ActiveCfg = Debug|Any CPU
		{6F007B35-9408-47EF-8083-1824DB1A4C55}.Debug|Any CPU.Build.0 = Debug|Any CPU
		{6F007B35-9408-47EF-8083-1824DB1A4C55}.Release|Any CPU.ActiveCfg = Release|Any CPU
		{6F007B35-9408-47EF-8083-1824DB1A4C55}.Release|Any CPU.Build.0 = Release|Any CPU
	EndGlobalSection
	GlobalSection(SolutionProperties) = preSolution
		HideSolutionNode = FALSE
	EndGlobalSection
EndGlobal
